
Microsoft Visual Studio Solution File, Format Version 12.00
# Visual Studio Version 17
VisualStudioVersion = 17.8.34309.116
MinimumVisualStudioVersion = 10.0.40219.1
Project("{FAE04EC0-301F-11D3-BF4B-00C04F79EFBC}") = "CostAccounting", "CostAccounting\CostAccounting.csproj", "{2DA747BE-D4D6-4B01-B5B0-368F5155E3AA}"
EndProject
Project("{2150E333-8FDC-42A3-9474-1A3956D46DE8}") = "Элементы решения", "Элементы решения", "{173C6C3C-237F-4469-9C61-E683B588B518}"
	ProjectSection(SolutionItems) = preProject
		.gitignore = .gitignore
	EndProjectSection
EndProject
Global
	GlobalSection(SolutionConfigurationPlatforms) = preSolution
		Debug|Any CPU = Debug|Any CPU
		Release|Any CPU = Release|Any CPU
	EndGlobalSection
	GlobalSection(ProjectConfigurationPlatforms) = postSolution
		{2DA747BE-D4D6-4B01-B5B0-368F5155E3AA}.Debug|Any CPU.ActiveCfg = Debug|Any CPU
		{2DA747BE-D4D6-4B01-B5B0-368F5155E3AA}.Debug|Any CPU.Build.0 = Debug|Any CPU
		{2DA747BE-D4D6-4B01-B5B0-368F5155E3AA}.Release|Any CPU.ActiveCfg = Release|Any CPU
		{2DA747BE-D4D6-4B01-B5B0-368F5155E3AA}.Release|Any CPU.Build.0 = Release|Any CPU
	EndGlobalSection
	GlobalSection(SolutionProperties) = preSolution
		HideSolutionNode = FALSE
	EndGlobalSection
	GlobalSection(ExtensibilityGlobals) = postSolution
		SolutionGuid = {7012085E-9CA0-4AC3-9D16-04BAEE4A3FFC}
	EndGlobalSection
EndGlobal
